{
  "requires": true,
  "lockfileVersion": 1,
  "dependencies": {
    "import-css": {
      "version": "3.0.0",
      "resolved": "https://registry.npmjs.org/import-css/-/import-css-3.0.0.tgz",
      "integrity": "sha512-EYBwGoCBE7ndPN33smMqhwmrHJ+VLi3LqN+qiiZ4T7w/Q5xCoZ2gcR5eo8XaWmihBBZWvNPBwUC04q/Vd37vXw=="
    }
  }
}
